// !$*UTF8*$!
{
	archiveVersion = 1;
	classes = {
	};
	objectVersion = 50;
	objects = {

/* Begin PBXBuildFile section */
		48676F23232387F300FF8F81 /* AppDelegate.m in Sources */ = {isa = PBXBuildFile; fileRef = 48676F22232387F300FF8F81 /* AppDelegate.m */; };
		48676F26232387F300FF8F81 /* ViewController.m in Sources */ = {isa = PBXBuildFile; fileRef = 48676F25232387F300FF8F81 /* ViewController.m */; };
		48676F29232387F300FF8F81 /* Main.storyboard in Resources */ = {isa = PBXBuildFile; fileRef = 48676F27232387F300FF8F81 /* Main.storyboard */; };
		48676F2B232387F400FF8F81 /* Assets.xcassets in Resources */ = {isa = PBXBuildFile; fileRef = 48676F2A232387F400FF8F81 /* Assets.xcassets */; };
		48676F2E232387F400FF8F81 /* LaunchScreen.storyboard in Resources */ = {isa = PBXBuildFile; fileRef = 48676F2C232387F400FF8F81 /* LaunchScreen.storyboard */; };
		48676F31232387F400FF8F81 /* main.m in Sources */ = {isa = PBXBuildFile; fileRef = 48676F30232387F400FF8F81 /* main.m */; };
		48676F3B232387F400FF8F81 /* CFiAdmobIntSampleTests.m in Sources */ = {isa = PBXBuildFile; fileRef = 48676F3A232387F400FF8F81 /* CFiAdmobIntSampleTests.m */; };
		48676F46232387F400FF8F81 /* CFiAdmobIntSampleUITests.m in Sources */ = {isa = PBXBuildFile; fileRef = 48676F45232387F400FF8F81 /* CFiAdmobIntSampleUITests.m */; };
		48676F5F23238EA400FF8F81 /* GoogleMobileAds.framework in Frameworks */ = {isa = PBXBuildFile; fileRef = 48676F5D23238EA300FF8F81 /* GoogleMobileAds.framework */; };
		48676F6023238EA400FF8F81 /* iMFAD.framework in Frameworks */ = {isa = PBXBuildFile; fileRef = 48676F5E23238EA300FF8F81 /* iMFAD.framework */; };
		48676F6323238EB000FF8F81 /* AdMobInterstitialCustomAD.m in Sources */ = {isa = PBXBuildFile; fileRef = 48676F6223238EB000FF8F81 /* AdMobInterstitialCustomAD.m */; };
/* End PBXBuildFile section */

/* Begin PBXContainerItemProxy section */
		48676F37232387F400FF8F81 /* PBXContainerItemProxy */ = {
			isa = PBXContainerItemProxy;
			containerPortal = 48676F16232387F300FF8F81 /* Project object */;
			proxyType = 1;
			remoteGlobalIDString = 48676F1D232387F300FF8F81;
			remoteInfo = CFiAdmobIntSample;
		};
		48676F42232387F400FF8F81 /* PBXContainerItemProxy */ = {
			isa = PBXContainerItemProxy;
			containerPortal = 48676F16232387F300FF8F81 /* Project object */;
			proxyType = 1;
			remoteGlobalIDString = 48676F1D232387F300FF8F81;
			remoteInfo = CFiAdmobIntSample;
		};
/* End PBXContainerItemProxy section */

/* Begin PBXFileReference section */
		48676F1E232387F300FF8F81 /* CFiAdmobIntSample.app */ = {isa = PBXFileReference; explicitFileType = wrapper.application; includeInIndex = 0; path = CFiAdmobIntSample.app; sourceTree = BUILT_PRODUCTS_DIR; };
		48676F21232387F300FF8F81 /* AppDelegate.h */ = {isa = PBXFileReference; lastKnownFileType = sourcecode.c.h; path = AppDelegate.h; sourceTree = "<group>"; };
		48676F22232387F300FF8F81 /* AppDelegate.m */ = {isa = PBXFileReference; lastKnownFileType = sourcecode.c.objc; path = AppDelegate.m; sourceTree = "<group>"; };
		48676F24232387F300FF8F81 /* ViewController.h */ = {isa = PBXFileReference; lastKnownFileType = sourcecode.c.h; path = ViewController.h; sourceTree = "<group>"; };
		48676F25232387F300FF8F81 /* ViewController.m */ = {isa = PBXFileReference; lastKnownFileType = sourcecode.c.objc; path = ViewController.m; sourceTree = "<group>"; };
		48676F28232387F300FF8F81 /* Base */ = {isa = PBXFileReference; lastKnownFileType = file.storyboard; name = Base; path = Base.lproj/Main.storyboard; sourceTree = "<group>"; };
		48676F2A232387F400FF8F81 /* Assets.xcassets */ = {isa = PBXFileReference; lastKnownFileType = folder.assetcatalog; path = Assets.xcassets; sourceTree = "<group>"; };
		48676F2D232387F400FF8F81 /* Base */ = {isa = PBXFileReference; lastKnownFileType = file.storyboard; name = Base; path = Base.lproj/LaunchScreen.storyboard; sourceTree = "<group>"; };
		48676F2F232387F400FF8F81 /* Info.plist */ = {isa = PBXFileReference; lastKnownFileType = text.plist.xml; path = Info.plist; sourceTree = "<group>"; };
		48676F30232387F400FF8F81 /* main.m */ = {isa = PBXFileReference; lastKnownFileType = sourcecode.c.objc; path = main.m; sourceTree = "<group>"; };
		48676F36232387F400FF8F81 /* CFiAdmobIntSampleTests.xctest */ = {isa = PBXFileReference; explicitFileType = wrapper.cfbundle; includeInIndex = 0; path = CFiAdmobIntSampleTests.xctest; sourceTree = BUILT_PRODUCTS_DIR; };
		48676F3A232387F400FF8F81 /* CFiAdmobIntSampleTests.m */ = {isa = PBXFileReference; lastKnownFileType = sourcecode.c.objc; path = CFiAdmobIntSampleTests.m; sourceTree = "<group>"; };
		48676F3C232387F400FF8F81 /* Info.plist */ = {isa = PBXFileReference; lastKnownFileType = text.plist.xml; path = Info.plist; sourceTree = "<group>"; };
		48676F41232387F400FF8F81 /* CFiAdmobIntSampleUITests.xctest */ = {isa = PBXFileReference; explicitFileType = wrapper.cfbundle; includeInIndex = 0; path = CFiAdmobIntSampleUITests.xctest; sourceTree = BUILT_PRODUCTS_DIR; };
		48676F45232387F400FF8F81 /* CFiAdmobIntSampleUITests.m */ = {isa = PBXFileReference; lastKnownFileType = sourcecode.c.objc; path = CFiAdmobIntSampleUITests.m; sourceTree = "<group>"; };
		48676F47232387F400FF8F81 /* Info.plist */ = {isa = PBXFileReference; lastKnownFileType = text.plist.xml; path = Info.plist; sourceTree = "<group>"; };
		48676F5D23238EA300FF8F81 /* GoogleMobileAds.framework */ = {isa = PBXFileReference; lastKnownFileType = wrapper.framework; name = GoogleMobileAds.framework; path = CFiAdmobIntSample/GoogleMobileAds.framework; sourceTree = "<group>"; };
		48676F5E23238EA300FF8F81 /* iMFAD.framework */ = {isa = PBXFileReference; lastKnownFileType = wrapper.framework; name = iMFAD.framework; path = CFiAdmobIntSample/iMFAD.framework; sourceTree = "<group>"; };
		48676F6123238EB000FF8F81 /* AdMobInterstitialCustomAD.h */ = {isa = PBXFileReference; fileEncoding = 4; lastKnownFileType = sourcecode.c.h; path = AdMobInterstitialCustomAD.h; sourceTree = "<group>"; };
		48676F6223238EB000FF8F81 /* AdMobInterstitialCustomAD.m */ = {isa = PBXFileReference; fileEncoding = 4; lastKnownFileType = sourcecode.c.objc; path = AdMobInterstitialCustomAD.m; sourceTree = "<group>"; };
/* End PBXFileReference section */

/* Begin PBXFrameworksBuildPhase section */
		48676F1B232387F300FF8F81 /* Frameworks */ = {
			isa = PBXFrameworksBuildPhase;
			buildActionMask = 2147483647;
			files = (
				48676F6023238EA400FF8F81 /* iMFAD.framework in Frameworks */,
				48676F5F23238EA400FF8F81 /* GoogleMobileAds.framework in Frameworks */,
			);
			runOnlyForDeploymentPostprocessing = 0;
		};
		48676F33232387F400FF8F81 /* Frameworks */ = {
			isa = PBXFrameworksBuildPhase;
			buildActionMask = 2147483647;
			files = (
			);
			runOnlyForDeploymentPostprocessing = 0;
		};
		48676F3E232387F400FF8F81 /* Frameworks */ = {
			isa = PBXFrameworksBuildPhase;
			buildActionMask = 2147483647;
			files = (
			);
			runOnlyForDeploymentPostprocessing = 0;
		};
/* End PBXFrameworksBuildPhase section */

/* Begin PBXGroup section */
		48676F15232387F300FF8F81 = {
			isa = PBXGroup;
			children = (
				48676F5D23238EA300FF8F81 /* GoogleMobileAds.framework */,
				48676F5E23238EA300FF8F81 /* iMFAD.framework */,
				48676F20232387F300FF8F81 /* CFiAdmobIntSample */,
				48676F39232387F400FF8F81 /* CFiAdmobIntSampleTests */,
				48676F44232387F400FF8F81 /* CFiAdmobIntSampleUITests */,
				48676F1F232387F300FF8F81 /* Products */,
			);
			sourceTree = "<group>";
		};
		48676F1F232387F300FF8F81 /* Products */ = {
			isa = PBXGroup;
			children = (
				48676F1E232387F300FF8F81 /* CFiAdmobIntSample.app */,
				48676F36232387F400FF8F81 /* CFiAdmobIntSampleTests.xctest */,
				48676F41232387F400FF8F81 /* CFiAdmobIntSampleUITests.xctest */,
			);
			name = Products;
			sourceTree = "<group>";
		};
		48676F20232387F300FF8F81 /* CFiAdmobIntSample */ = {
			isa = PBXGroup;
			children = (
				48676F6123238EB000FF8F81 /* AdMobInterstitialCustomAD.h */,
				48676F6223238EB000FF8F81 /* AdMobInterstitialCustomAD.m */,
				48676F21232387F300FF8F81 /* AppDelegate.h */,
				48676F22232387F300FF8F81 /* AppDelegate.m */,
				48676F24232387F300FF8F81 /* ViewController.h */,
				48676F25232387F300FF8F81 /* ViewController.m */,
				48676F27232387F300FF8F81 /* Main.storyboard */,
				48676F2A232387F400FF8F81 /* Assets.xcassets */,
				48676F2C232387F400FF8F81 /* LaunchScreen.storyboard */,
				48676F2F232387F400FF8F81 /* Info.plist */,
				48676F30232387F400FF8F81 /* main.m */,
			);
			path = CFiAdmobIntSample;
			sourceTree = "<group>";
		};
		48676F39232387F400FF8F81 /* CFiAdmobIntSampleTests */ = {
			isa = PBXGroup;
			children = (
				48676F3A232387F400FF8F81 /* CFiAdmobIntSampleTests.m */,
				48676F3C232387F400FF8F81 /* Info.plist */,
			);
			path = CFiAdmobIntSampleTests;
			sourceTree = "<group>";
		};
		48676F44232387F400FF8F81 /* CFiAdmobIntSampleUITests */ = {
			isa = PBXGroup;
			children = (
				48676F45232387F400FF8F81 /* CFiAdmobIntSampleUITests.m */,
				48676F47232387F400FF8F81 /* Info.plist */,
			);
			path = CFiAdmobIntSampleUITests;
			sourceTree = "<group>";
		};
/* End PBXGroup section */

/* Begin PBXNativeTarget section */
		48676F1D232387F300FF8F81 /* CFiAdmobIntSample */ = {
			isa = PBXNativeTarget;
			buildConfigurationList = 48676F4A232387F400FF8F81 /* Build configuration list for PBXNativeTarget "CFiAdmobIntSample" */;
			buildPhases = (
				48676F1A232387F300FF8F81 /* Sources */,
				48676F1B232387F300FF8F81 /* Frameworks */,
				48676F1C232387F300FF8F81 /* Resources */,
			);
			buildRules = (
			);
			dependencies = (
			);
			name = CFiAdmobIntSample;
			productName = CFiAdmobIntSample;
			productReference = 48676F1E232387F300FF8F81 /* CFiAdmobIntSample.app */;
			productType = "com.apple.product-type.application";
		};
		48676F35232387F400FF8F81 /* CFiAdmobIntSampleTests */ = {
			isa = PBXNativeTarget;
			buildConfigurationList = 48676F4D232387F400FF8F81 /* Build configuration list for PBXNativeTarget "CFiAdmobIntSampleTests" */;
			buildPhases = (
				48676F32232387F400FF8F81 /* Sources */,
				48676F33232387F400FF8F81 /* Frameworks */,
				48676F34232387F400FF8F81 /* Resources */,
			);
			buildRules = (
			);
			dependencies = (
				48676F38232387F400FF8F81 /* PBXTargetDependency */,
			);
			name = CFiAdmobIntSampleTests;
			productName = CFiAdmobIntSampleTests;
			productReference = 48676F36232387F400FF8F81 /* CFiAdmobIntSampleTests.xctest */;
			productType = "com.apple.product-type.bundle.unit-test";
		};
		48676F40232387F400FF8F81 /* CFiAdmobIntSampleUITests */ = {
			isa = PBXNativeTarget;
			buildConfigurationList = 48676F50232387F400FF8F81 /* Build configuration list for PBXNativeTarget "CFiAdmobIntSampleUITests" */;
			buildPhases = (
				48676F3D232387F400FF8F81 /* Sources */,
				48676F3E232387F400FF8F81 /* Frameworks */,
				48676F3F232387F400FF8F81 /* Resources */,
			);
			buildRules = (
			);
			dependencies = (
				48676F43232387F400FF8F81 /* PBXTargetDependency */,
			);
			name = CFiAdmobIntSampleUITests;
			productName = CFiAdmobIntSampleUITests;
			productReference = 48676F41232387F400FF8F81 /* CFiAdmobIntSampleUITests.xctest */;
			productType = "com.apple.product-type.bundle.ui-testing";
		};
/* End PBXNativeTarget section */

/* Begin PBXProject section */
		48676F16232387F300FF8F81 /* Project object */ = {
			isa = PBXProject;
			attributes = {
				LastUpgradeCheck = 1010;
				ORGANIZATIONNAME = "CF-NB";
				TargetAttributes = {
					48676F1D232387F300FF8F81 = {
						CreatedOnToolsVersion = 10.1;
					};
					48676F35232387F400FF8F81 = {
						CreatedOnToolsVersion = 10.1;
						TestTargetID = 48676F1D232387F300FF8F81;
					};
					48676F40232387F400FF8F81 = {
						CreatedOnToolsVersion = 10.1;
						TestTargetID = 48676F1D232387F300FF8F81;
					};
				};
			};
			buildConfigurationList = 48676F19232387F300FF8F81 /* Build configuration list for PBXProject "CFiAdmobIntSample" */;
			compatibilityVersion = "Xcode 9.3";
			developmentRegion = en;
			hasScannedForEncodings = 0;
			knownRegions = (
				en,
				Base,
			);
			mainGroup = 48676F15232387F300FF8F81;
			productRefGroup = 48676F1F232387F300FF8F81 /* Products */;
			projectDirPath = "";
			projectRoot = "";
			targets = (
				48676F1D232387F300FF8F81 /* CFiAdmobIntSample */,
				48676F35232387F400FF8F81 /* CFiAdmobIntSampleTests */,
				48676F40232387F400FF8F81 /* CFiAdmobIntSampleUITests */,
			);
		};
/* End PBXProject section */

/* Begin PBXResourcesBuildPhase section */
		48676F1C232387F300FF8F81 /* Resources */ = {
			isa = PBXResourcesBuildPhase;
			buildActionMask = 2147483647;
			files = (
				48676F2E232387F400FF8F81 /* LaunchScreen.storyboard in Resources */,
				48676F2B232387F400FF8F81 /* Assets.xcassets in Resources */,
				48676F29232387F300FF8F81 /* Main.storyboard in Resources */,
			);
			runOnlyForDeploymentPostprocessing = 0;
		};
		48676F34232387F400FF8F81 /* Resources */ = {
			isa = PBXResourcesBuildPhase;
			buildActionMask = 2147483647;
			files = (
			);
			runOnlyForDeploymentPostprocessing = 0;
		};
		48676F3F232387F400FF8F81 /* Resources */ = {
			isa = PBXResourcesBuildPhase;
			buildActionMask = 2147483647;
			files = (
			);
			runOnlyForDeploymentPostprocessing = 0;
		};
/* End PBXResourcesBuildPhase section */

/* Begin PBXSourcesBuildPhase section */
		48676F1A232387F300FF8F81 /* Sources */ = {
			isa = PBXSourcesBuildPhase;
			buildActionMask = 2147483647;
			files = (
				48676F26232387F300FF8F81 /* ViewController.m in Sources */,
				48676F6323238EB000FF8F81 /* AdMobInterstitialCustomAD.m in Sources */,
				48676F31232387F400FF8F81 /* main.m in Sources */,
				48676F23232387F300FF8F81 /* AppDelegate.m in Sources */,
			);
			runOnlyForDeploymentPostprocessing = 0;
		};
		48676F32232387F400FF8F81 /* Sources */ = {
			isa = PBXSourcesBuildPhase;
			buildActionMask = 2147483647;
			files = (
				48676F3B232387F400FF8F81 /* CFiAdmobIntSampleTests.m in Sources */,
			);
			runOnlyForDeploymentPostprocessing = 0;
		};
		48676F3D232387F400FF8F81 /* Sources */ = {
			isa = PBXSourcesBuildPhase;
			buildActionMask = 2147483647;
			files = (
				48676F46232387F400FF8F81 /* CFiAdmobIntSampleUITests.m in Sources */,
			);
			runOnlyForDeploymentPostprocessing = 0;
		};
/* End PBXSourcesBuildPhase section */

/* Begin PBXTargetDependency section */
		48676F38232387F400FF8F81 /* PBXTargetDependency */ = {
			isa = PBXTargetDependency;
			target = 48676F1D232387F300FF8F81 /* CFiAdmobIntSample */;
			targetProxy = 48676F37232387F400FF8F81 /* PBXContainerItemProxy */;
		};
		48676F43232387F400FF8F81 /* PBXTargetDependency */ = {
			isa = PBXTargetDependency;
			target = 48676F1D232387F300FF8F81 /* CFiAdmobIntSample */;
			targetProxy = 48676F42232387F400FF8F81 /* PBXContainerItemProxy */;
		};
/* End PBXTargetDependency section */

/* Begin PBXVariantGroup section */
		48676F27232387F300FF8F81 /* Main.storyboard */ = {
			isa = PBXVariantGroup;
			children = (
				48676F28232387F300FF8F81 /* Base */,
			);
			name = Main.storyboard;
			sourceTree = "<group>";
		};
		48676F2C232387F400FF8F81 /* LaunchScreen.storyboard */ = {
			isa = PBXVariantGroup;
			children = (
				48676F2D232387F400FF8F81 /* Base */,
			);
			name = LaunchScreen.storyboard;
			sourceTree = "<group>";
		};
/* End PBXVariantGroup section */

/* Begin XCBuildConfiguration section */
		48676F48232387F400FF8F81 /* Debug */ = {
			isa = XCBuildConfiguration;
			buildSettings = {
				ALWAYS_SEARCH_USER_PATHS = NO;
				CLANG_ANALYZER_NONNULL = YES;
				CLANG_ANALYZER_NUMBER_OBJECT_CONVERSION = YES_AGGRESSIVE;
				CLANG_CXX_LANGUAGE_STANDARD = "gnu++14";
				CLANG_CXX_LIBRARY = "libc++";
				CLANG_ENABLE_MODULES = YES;
				CLANG_ENABLE_OBJC_ARC = YES;
				CLANG_ENABLE_OBJC_WEAK = YES;
				CLANG_WARN_BLOCK_CAPTURE_AUTORELEASING = YES;
				CLANG_WARN_BOOL_CONVERSION = YES;
				CLANG_WARN_COMMA = YES;
				CLANG_WARN_CONSTANT_CONVERSION = YES;
				CLANG_WARN_DEPRECATED_OBJC_IMPLEMENTATIONS = YES;
				CLANG_WARN_DIRECT_OBJC_ISA_USAGE = YES_ERROR;
				CLANG_WARN_DOCUMENTATION_COMMENTS = YES;
				CLANG_WARN_EMPTY_BODY = YES;
				CLANG_WARN_ENUM_CONVERSION = YES;
				CLANG_WARN_INFINITE_RECURSION = YES;
				CLANG_WARN_INT_CONVERSION = YES;
				CLANG_WARN_NON_LITERAL_NULL_CONVERSION = YES;
				CLANG_WARN_OBJC_IMPLICIT_RETAIN_SELF = YES;
				CLANG_WARN_OBJC_LITERAL_CONVERSION = YES;
				CLANG_WARN_OBJC_ROOT_CLASS = YES_ERROR;
				CLANG_WARN_RANGE_LOOP_ANALYSIS = YES;
				CLANG_WARN_STRICT_PROTOTYPES = YES;
				CLANG_WARN_SUSPICIOUS_MOVE = YES;
				CLANG_WARN_UNGUARDED_AVAILABILITY = YES_AGGRESSIVE;
				CLANG_WARN_UNREACHABLE_CODE = YES;
				CLANG_WARN__DUPLICATE_METHOD_MATCH = YES;
				CODE_SIGN_IDENTITY = "iPhone Developer";
				COPY_PHASE_STRIP = NO;
				DEBUG_INFORMATION_FORMAT = dwarf;
				ENABLE_STRICT_OBJC_MSGSEND = YES;
				ENABLE_TESTABILITY = YES;
				GCC_C_LANGUAGE_STANDARD = gnu11;
				GCC_DYNAMIC_NO_PIC = NO;
				GCC_NO_COMMON_BLOCKS = YES;
				GCC_OPTIMIZATION_LEVEL = 0;
				GCC_PREPROCESSOR_DEFINITIONS = (
					"DEBUG=1",
					"$(inherited)",
				);
				GCC_WARN_64_TO_32_BIT_CONVERSION = YES;
				GCC_WARN_ABOUT_RETURN_TYPE = YES_ERROR;
				GCC_WARN_UNDECLARED_SELECTOR = YES;
				GCC_WARN_UNINITIALIZED_AUTOS = YES_AGGRESSIVE;
				GCC_WARN_UNUSED_FUNCTION = YES;
				GCC_WARN_UNUSED_VARIABLE = YES;
				IPHONEOS_DEPLOYMENT_TARGET = 10.3;
				MTL_ENABLE_DEBUG_INFO = INCLUDE_SOURCE;
				MTL_FAST_MATH = YES;
				ONLY_ACTIVE_ARCH = YES;
				SDKROOT = iphoneos;
			};
			name = Debug;
		};
		48676F49232387F400FF8F81 /* Release */ = {
			isa = XCBuildConfiguration;
			buildSettings = {
				ALWAYS_SEARCH_USER_PATHS = NO;
				CLANG_ANALYZER_NONNULL = YES;
				CLANG_ANALYZER_NUMBER_OBJECT_CONVERSION = YES_AGGRESSIVE;
				CLANG_CXX_LANGUAGE_STANDARD = "gnu++14";
				CLANG_CXX_LIBRARY = "libc++";
				CLANG_ENABLE_MODULES = YES;
				CLANG_ENABLE_OBJC_ARC = YES;
				CLANG_ENABLE_OBJC_WEAK = YES;
				CLANG_WARN_BLOCK_CAPTURE_AUTORELEASING = YES;
				CLANG_WARN_BOOL_CONVERSION = YES;
				CLANG_WARN_COMMA = YES;
				CLANG_WARN_CONSTANT_CONVERSION = YES;
				CLANG_WARN_DEPRECATED_OBJC_IMPLEMENTATIONS = YES;
				CLANG_WARN_DIRECT_OBJC_ISA_USAGE = YES_ERROR;
				CLANG_WARN_DOCUMENTATION_COMMENTS = YES;
				CLANG_WARN_EMPTY_BODY = YES;
				CLANG_WARN_ENUM_CONVERSION = YES;
				CLANG_WARN_INFINITE_RECURSION = YES;
				CLANG_WARN_INT_CONVERSION = YES;
				CLANG_WARN_NON_LITERAL_NULL_CONVERSION = YES;
				CLANG_WARN_OBJC_IMPLICIT_RETAIN_SELF = YES;
				CLANG_WARN_OBJC_LITERAL_CONVERSION = YES;
				CLANG_WARN_OBJC_ROOT_CLASS = YES_ERROR;
				CLANG_WARN_RANGE_LOOP_ANALYSIS = YES;
				CLANG_WARN_STRICT_PROTOTYPES = YES;
				CLANG_WARN_SUSPICIOUS_MOVE = YES;
				CLANG_WARN_UNGUARDED_AVAILABILITY = YES_AGGRESSIVE;
				CLANG_WARN_UNREACHABLE_CODE = YES;
				CLANG_WARN__DUPLICATE_METHOD_MATCH = YES;
				CODE_SIGN_IDENTITY = "iPhone Developer";
				COPY_PHASE_STRIP = NO;
				DEBUG_INFORMATION_FORMAT = "dwarf-with-dsym";
				ENABLE_NS_ASSERTIONS = NO;
				ENABLE_STRICT_OBJC_MSGSEND = YES;
				GCC_C_LANGUAGE_STANDARD = gnu11;
				GCC_NO_COMMON_BLOCKS = YES;
				GCC_WARN_64_TO_32_BIT_CONVERSION = YES;
				GCC_WARN_ABOUT_RETURN_TYPE = YES_ERROR;
				GCC_WARN_UNDECLARED_SELECTOR = YES;
				GCC_WARN_UNINITIALIZED_AUTOS = YES_AGGRESSIVE;
				GCC_WARN_UNUSED_FUNCTION = YES;
				GCC_WARN_UNUSED_VARIABLE = YES;
				IPHONEOS_DEPLOYMENT_TARGET = 10.3;
				MTL_ENABLE_DEBUG_INFO = NO;
				MTL_FAST_MATH = YES;
				SDKROOT = iphoneos;
				VALIDATE_PRODUCT = YES;
			};
			name = Release;
		};
		48676F4B232387F400FF8F81 /* Debug */ = {
			isa = XCBuildConfiguration;
			buildSettings = {
				ASSETCATALOG_COMPILER_APPICON_NAME = AppIcon;
				CODE_SIGN_STYLE = Automatic;
				DEVELOPMENT_TEAM = 8Q3LY5VL5Q;
				FRAMEWORK_SEARCH_PATHS = (
					"$(inherited)",
					"$(PROJECT_DIR)/CFiAdmobIntSample",
				);
				INFOPLIST_FILE = CFiAdmobIntSample/Info.plist;
				LD_RUNPATH_SEARCH_PATHS = (
					"$(inherited)",
					"@executable_path/Frameworks",
				);
				OTHER_LDFLAGS = (
					"-ObjC",
					"-all_load",
				);
				PRODUCT_BUNDLE_IDENTIFIER = com.cf.CFiAdmobIntSample;
				PRODUCT_NAME = "$(TARGET_NAME)";
				TARGETED_DEVICE_FAMILY = "1,2";
			};
			name = Debug;
		};
		48676F4C232387F400FF8F81 /* Release */ = {
			isa = XCBuildConfiguration;
			buildSettings = {
				ASSETCATALOG_COMPILER_APPICON_NAME = AppIcon;
				CODE_SIGN_STYLE = Automatic;
				DEVELOPMENT_TEAM = 8Q3LY5VL5Q;
				FRAMEWORK_SEARCH_PATHS = (
					"$(inherited)",
					"$(PROJECT_DIR)/CFiAdmobIntSample",
				);
				INFOPLIST_FILE = CFiAdmobIntSample/Info.plist;
				LD_RUNPATH_SEARCH_PATHS = (
					"$(inherited)",
					"@executable_path/Frameworks",
				);
				OTHER_LDFLAGS = (
					"-ObjC",
					"-all_load",
				);
				PRODUCT_BUNDLE_IDENTIFIER = com.cf.CFiAdmobIntSample;
				PRODUCT_NAME = "$(TARGET_NAME)";
				TARGETED_DEVICE_FAMILY = "1,2";
			};
			name = Release;
		};
		48676F4E232387F400FF8F81 /* Debug */ = {
			isa = XCBuildConfiguration;
			buildSettings = {
				BUNDLE_LOADER = "$(TEST_HOST)";
				CODE_SIGN_STYLE = Automatic;
				DEVELOPMENT_TEAM = 8Q3LY5VL5Q;
				INFOPLIST_FILE = CFiAdmobIntSampleTests/Info.plist;
				LD_RUNPATH_SEARCH_PATHS = (
					"$(inherited)",
					"@executable_path/Frameworks",
					"@loader_path/Frameworks",
				);
				PRODUCT_BUNDLE_IDENTIFIER = com.cf.CFiAdmobIntSampleTests;
				PRODUCT_NAME = "$(TARGET_NAME)";
				TARGETED_DEVICE_FAMILY = "1,2";
				TEST_HOST = "$(BUILT_PRODUCTS_DIR)/CFiAdmobIntSample.app/CFiAdmobIntSample";
			};
			name = Debug;
		};
		48676F4F232387F400FF8F81 /* Release */ = {
			isa = XCBuildConfiguration;
			buildSettings = {
				BUNDLE_LOADER = "$(TEST_HOST)";
				CODE_SIGN_STYLE = Automatic;
				DEVELOPMENT_TEAM = 8Q3LY5VL5Q;
				INFOPLIST_FILE = CFiAdmobIntSampleTests/Info.plist;
				LD_RUNPATH_SEARCH_PATHS = (
					"$(inherited)",
					"@executable_path/Frameworks",
					"@loader_path/Frameworks",
				);
				PRODUCT_BUNDLE_IDENTIFIER = com.cf.CFiAdmobIntSampleTests;
				PRODUCT_NAME = "$(TARGET_NAME)";
				TARGETED_DEVICE_FAMILY = "1,2";
				TEST_HOST = "$(BUILT_PRODUCTS_DIR)/CFiAdmobIntSample.app/CFiAdmobIntSample";
			};
			name = Release;
		};
		48676F51232387F400FF8F81 /* Debug */ = {
			isa = XCBuildConfiguration;
			buildSettings = {
				CODE_SIGN_STYLE = Automatic;
				DEVELOPMENT_TEAM = 8Q3LY5VL5Q;
				INFOPLIST_FILE = CFiAdmobIntSampleUITests/Info.plist;
				LD_RUNPATH_SEARCH_PATHS = (
					"$(inherited)",
					"@executable_path/Frameworks",
					"@loader_path/Frameworks",
				);
				PRODUCT_BUNDLE_IDENTIFIER = com.cf.CFiAdmobIntSampleUITests;
				PRODUCT_NAME = "$(TARGET_NAME)";
				TARGETED_DEVICE_FAMILY = "1,2";
				TEST_TARGET_NAME = CFiAdmobIntSample;
			};
			name = Debug;
		};
		48676F52232387F400FF8F81 /* Release */ = {
			isa = XCBuildConfiguration;
			buildSettings = {
				CODE_SIGN_STYLE = Automatic;
				DEVELOPMENT_TEAM = 8Q3LY5VL5Q;
				INFOPLIST_FILE = CFiAdmobIntSampleUITests/Info.plist;
				LD_RUNPATH_SEARCH_PATHS = (
					"$(inherited)",
					"@executable_path/Frameworks",
					"@loader_path/Frameworks",
				);
				PRODUCT_BUNDLE_IDENTIFIER = com.cf.CFiAdmobIntSampleUITests;
				PRODUCT_NAME = "$(TARGET_NAME)";
				TARGETED_DEVICE_FAMILY = "1,2";
				TEST_TARGET_NAME = CFiAdmobIntSample;
			};
			name = Release;
		};
/* End XCBuildConfiguration section */

/* Begin XCConfigurationList section */
		48676F19232387F300FF8F81 /* Build configuration list for PBXProject "CFiAdmobIntSample" */ = {
			isa = XCConfigurationList;
			buildConfigurations = (
				48676F48232387F400FF8F81 /* Debug */,
				48676F49232387F400FF8F81 /* Release */,
			);
			defaultConfigurationIsVisible = 0;
			defaultConfigurationName = Release;
		};
		48676F4A232387F400FF8F81 /* Build configuration list for PBXNativeTarget "CFiAdmobIntSample" */ = {
			isa = XCConfigurationList;
			buildConfigurations = (
				48676F4B232387F400FF8F81 /* Debug */,
				48676F4C232387F400FF8F81 /* Release */,
			);
			defaultConfigurationIsVisible = 0;
			defaultConfigurationName = Release;
		};
		48676F4D232387F400FF8F81 /* Build configuration list for PBXNativeTarget "CFiAdmobIntSampleTests" */ = {
			isa = XCConfigurationList;
			buildConfigurations = (
				48676F4E232387F400FF8F81 /* Debug */,
				48676F4F232387F400FF8F81 /* Release */,
			);
			defaultConfigurationIsVisible = 0;
			defaultConfigurationName = Release;
		};
		48676F50232387F400FF8F81 /* Build configuration list for PBXNativeTarget "CFiAdmobIntSampleUITests" */ = {
			isa = XCConfigurationList;
			buildConfigurations = (
				48676F51232387F400FF8F81 /* Debug */,
				48676F52232387F400FF8F81 /* Release */,
			);
			defaultConfigurationIsVisible = 0;
			defaultConfigurationName = Release;
		};
/* End XCConfigurationList section */
	};
	rootObject = 48676F16232387F300FF8F81 /* Project object */;
}
